
Microsoft Visual Studio Solution File, Format Version 10.00
# Visual Studio 2008
Project("{8BC9CEB8-8B4A-11D0-8D11-00A0C91BC942}") = "GlassClock", "GlassClock.vcproj", "{D6214264-0A95-4D97-A9E7-F9EABE5C60B5}"
EndProject
Project("{8BC9CEB8-8B4A-11D0-8D11-00A0C91BC942}") = "GlassClockDlg", "..\GlassClockDlg\GlassClockDlg.vcproj", "{537D0880-4917-48C4-9901-722FF2C2BEA1}"
EndProject
Global
	GlobalSection(SolutionConfigurationPlatforms) = preSolution
		Debug|Win32 = Debug|Win32
		Release|Win32 = Release|Win32
	EndGlobalSection
	GlobalSection(ProjectConfigurationPlatforms) = postSolution
		{D6214264-0A95-4D97-A9E7-F9EABE5C60B5}.Debug|Win32.ActiveCfg = Debug|Win32
		{D6214264-0A95-4D97-A9E7-F9EABE5C60B5}.Debug|Win32.Build.0 = Debug|Win32
		{D6214264-0A95-4D97-A9E7-F9EABE5C60B5}.Release|Win32.ActiveCfg = Release|Win32
		{D6214264-0A95-4D97-A9E7-F9EABE5C60B5}.Release|Win32.Build.0 = Release|Win32
		{537D0880-4917-48C4-9901-722FF2C2BEA1}.Debug|Win32.ActiveCfg = Debug|Win32
		{537D0880-4917-48C4-9901-722FF2C2BEA1}.Debug|Win32.Build.0 = Debug|Win32
		{537D0880-4917-48C4-9901-722FF2C2BEA1}.Release|Win32.ActiveCfg = Release|Win32
		{537D0880-4917-48C4-9901-722FF2C2BEA1}.Release|Win32.Build.0 = Release|Win32
	EndGlobalSection
	GlobalSection(SolutionProperties) = preSolution
		HideSolutionNode = FALSE
	EndGlobalSection
EndGlobal
